
Microsoft Visual Studio Solution File, Format Version 12.00
# Visual Studio Version 16
VisualStudioVersion = 16.0.30128.74
MinimumVisualStudioVersion = 10.0.40219.1
Project("{FAE04EC0-301F-11D3-BF4B-00C04F79EFBC}") = "Enums", "Enums\Enums.csproj", "{E97D6D8B-59B4-404E-B122-22FB0D1CEB0F}"
EndProject
Global
	GlobalSection(SolutionConfigurationPlatforms) = preSolution
		Debug|Any CPU = Debug|Any CPU
		Release|Any CPU = Release|Any CPU
	EndGlobalSection
	GlobalSection(ProjectConfigurationPlatforms) = postSolution
		{E97D6D8B-59B4-404E-B122-22FB0D1CEB0F}.Debug|Any CPU.ActiveCfg = Debug|Any CPU
		{E97D6D8B-59B4-404E-B122-22FB0D1CEB0F}.Debug|Any CPU.Build.0 = Debug|Any CPU
		{E97D6D8B-59B4-404E-B122-22FB0D1CEB0F}.Release|Any CPU.ActiveCfg = Release|Any CPU
		{E97D6D8B-59B4-404E-B122-22FB0D1CEB0F}.Release|Any CPU.Build.0 = Release|Any CPU
	EndGlobalSection
	GlobalSection(SolutionProperties) = preSolution
		HideSolutionNode = FALSE
	EndGlobalSection
	GlobalSection(ExtensibilityGlobals) = postSolution
		SolutionGuid = {A936010B-259B-485B-A9D0-4D92149A3A8E}
	EndGlobalSection
EndGlobal
