
Microsoft Visual Studio Solution File, Format Version 12.00
# Visual Studio Version 16
VisualStudioVersion = 16.0.30128.74
MinimumVisualStudioVersion = 10.0.40219.1
Project("{FAE04EC0-301F-11D3-BF4B-00C04F79EFBC}") = "EjercicioAreas", "EjercicioAreas\EjercicioAreas.csproj", "{A58E87E2-93F6-4AFF-BA94-64BEC15DA6B7}"
EndProject
Global
	GlobalSection(SolutionConfigurationPlatforms) = preSolution
		Debug|Any CPU = Debug|Any CPU
		Release|Any CPU = Release|Any CPU
	EndGlobalSection
	GlobalSection(ProjectConfigurationPlatforms) = postSolution
		{A58E87E2-93F6-4AFF-BA94-64BEC15DA6B7}.Debug|Any CPU.ActiveCfg = Debug|Any CPU
		{A58E87E2-93F6-4AFF-BA94-64BEC15DA6B7}.Debug|Any CPU.Build.0 = Debug|Any CPU
		{A58E87E2-93F6-4AFF-BA94-64BEC15DA6B7}.Release|Any CPU.ActiveCfg = Release|Any CPU
		{A58E87E2-93F6-4AFF-BA94-64BEC15DA6B7}.Release|Any CPU.Build.0 = Release|Any CPU
	EndGlobalSection
	GlobalSection(SolutionProperties) = preSolution
		HideSolutionNode = FALSE
	EndGlobalSection
	GlobalSection(ExtensibilityGlobals) = postSolution
		SolutionGuid = {5676F959-0D14-4C00-8BCF-B713EE828CE1}
	EndGlobalSection
EndGlobal
