
Microsoft Visual Studio Solution File, Format Version 12.00
# Visual Studio Version 16
VisualStudioVersion = 16.0.30204.135
MinimumVisualStudioVersion = 10.0.40219.1
Project("{FAE04EC0-301F-11D3-BF4B-00C04F79EFBC}") = "DelegadosPredicadosObjetos", "DelegadosPredicadosObjetos\DelegadosPredicadosObjetos.csproj", "{4752FCCB-8F12-44C0-817A-CCDA6EF05896}"
EndProject
Global
	GlobalSection(SolutionConfigurationPlatforms) = preSolution
		Debug|Any CPU = Debug|Any CPU
		Release|Any CPU = Release|Any CPU
	EndGlobalSection
	GlobalSection(ProjectConfigurationPlatforms) = postSolution
		{4752FCCB-8F12-44C0-817A-CCDA6EF05896}.Debug|Any CPU.ActiveCfg = Debug|Any CPU
		{4752FCCB-8F12-44C0-817A-CCDA6EF05896}.Debug|Any CPU.Build.0 = Debug|Any CPU
		{4752FCCB-8F12-44C0-817A-CCDA6EF05896}.Release|Any CPU.ActiveCfg = Release|Any CPU
		{4752FCCB-8F12-44C0-817A-CCDA6EF05896}.Release|Any CPU.Build.0 = Release|Any CPU
	EndGlobalSection
	GlobalSection(SolutionProperties) = preSolution
		HideSolutionNode = FALSE
	EndGlobalSection
	GlobalSection(ExtensibilityGlobals) = postSolution
		SolutionGuid = {B85F46CF-8B11-4203-8FCC-A1E7BFDE2DF5}
	EndGlobalSection
EndGlobal
