
Microsoft Visual Studio Solution File, Format Version 12.00
# Visual Studio Version 16
VisualStudioVersion = 16.0.30128.74
MinimumVisualStudioVersion = 10.0.40219.1
Project("{FAE04EC0-301F-11D3-BF4B-00C04F79EFBC}") = "Metodos", "Metodos\Metodos.csproj", "{EA30520D-E3DD-47E0-AD01-E8C4EDDFB2A8}"
EndProject
Global
	GlobalSection(SolutionConfigurationPlatforms) = preSolution
		Debug|Any CPU = Debug|Any CPU
		Release|Any CPU = Release|Any CPU
	EndGlobalSection
	GlobalSection(ProjectConfigurationPlatforms) = postSolution
		{EA30520D-E3DD-47E0-AD01-E8C4EDDFB2A8}.Debug|Any CPU.ActiveCfg = Debug|Any CPU
		{EA30520D-E3DD-47E0-AD01-E8C4EDDFB2A8}.Debug|Any CPU.Build.0 = Debug|Any CPU
		{EA30520D-E3DD-47E0-AD01-E8C4EDDFB2A8}.Release|Any CPU.ActiveCfg = Release|Any CPU
		{EA30520D-E3DD-47E0-AD01-E8C4EDDFB2A8}.Release|Any CPU.Build.0 = Release|Any CPU
	EndGlobalSection
	GlobalSection(SolutionProperties) = preSolution
		HideSolutionNode = FALSE
	EndGlobalSection
	GlobalSection(ExtensibilityGlobals) = postSolution
		SolutionGuid = {0C289F13-8752-4858-9C1F-9567B88E0416}
	EndGlobalSection
EndGlobal
