
Microsoft Visual Studio Solution File, Format Version 12.00
# Visual Studio Version 16
VisualStudioVersion = 16.0.30204.135
MinimumVisualStudioVersion = 10.0.40219.1
Project("{FAE04EC0-301F-11D3-BF4B-00C04F79EFBC}") = "ExpresionesRegulares", "ExpresionesRegulares\ExpresionesRegulares.csproj", "{B12AC0C7-1C8B-451C-968A-F1981E8EE885}"
EndProject
Global
	GlobalSection(SolutionConfigurationPlatforms) = preSolution
		Debug|Any CPU = Debug|Any CPU
		Release|Any CPU = Release|Any CPU
	EndGlobalSection
	GlobalSection(ProjectConfigurationPlatforms) = postSolution
		{B12AC0C7-1C8B-451C-968A-F1981E8EE885}.Debug|Any CPU.ActiveCfg = Debug|Any CPU
		{B12AC0C7-1C8B-451C-968A-F1981E8EE885}.Debug|Any CPU.Build.0 = Debug|Any CPU
		{B12AC0C7-1C8B-451C-968A-F1981E8EE885}.Release|Any CPU.ActiveCfg = Release|Any CPU
		{B12AC0C7-1C8B-451C-968A-F1981E8EE885}.Release|Any CPU.Build.0 = Release|Any CPU
	EndGlobalSection
	GlobalSection(SolutionProperties) = preSolution
		HideSolutionNode = FALSE
	EndGlobalSection
	GlobalSection(ExtensibilityGlobals) = postSolution
		SolutionGuid = {52683B28-84C0-4669-97A0-E253FC33186A}
	EndGlobalSection
EndGlobal
