
Microsoft Visual Studio Solution File, Format Version 12.00
# Visual Studio Version 16
VisualStudioVersion = 16.0.30128.74
MinimumVisualStudioVersion = 10.0.40219.1
Project("{FAE04EC0-301F-11D3-BF4B-00C04F79EFBC}") = "PooConstructores", "PooConstructores\PooConstructores.csproj", "{153D87BD-24F1-4D5D-ABC0-DA1E5056E95E}"
EndProject
Global
	GlobalSection(SolutionConfigurationPlatforms) = preSolution
		Debug|Any CPU = Debug|Any CPU
		Release|Any CPU = Release|Any CPU
	EndGlobalSection
	GlobalSection(ProjectConfigurationPlatforms) = postSolution
		{153D87BD-24F1-4D5D-ABC0-DA1E5056E95E}.Debug|Any CPU.ActiveCfg = Debug|Any CPU
		{153D87BD-24F1-4D5D-ABC0-DA1E5056E95E}.Debug|Any CPU.Build.0 = Debug|Any CPU
		{153D87BD-24F1-4D5D-ABC0-DA1E5056E95E}.Release|Any CPU.ActiveCfg = Release|Any CPU
		{153D87BD-24F1-4D5D-ABC0-DA1E5056E95E}.Release|Any CPU.Build.0 = Release|Any CPU
	EndGlobalSection
	GlobalSection(SolutionProperties) = preSolution
		HideSolutionNode = FALSE
	EndGlobalSection
	GlobalSection(ExtensibilityGlobals) = postSolution
		SolutionGuid = {F187B2A8-57D1-470B-B2AC-D34B744278E9}
	EndGlobalSection
EndGlobal
