
Microsoft Visual Studio Solution File, Format Version 12.00
# Visual Studio Version 16
VisualStudioVersion = 16.0.30128.74
MinimumVisualStudioVersion = 10.0.40219.1
Project("{FAE04EC0-301F-11D3-BF4B-00C04F79EFBC}") = "PooLLamadasYClaseMath", "PooLLamadasYClaseMath\PooLLamadasYClaseMath.csproj", "{289624FE-5AF8-417B-AFB3-E8DBF63955D5}"
EndProject
Global
	GlobalSection(SolutionConfigurationPlatforms) = preSolution
		Debug|Any CPU = Debug|Any CPU
		Release|Any CPU = Release|Any CPU
	EndGlobalSection
	GlobalSection(ProjectConfigurationPlatforms) = postSolution
		{289624FE-5AF8-417B-AFB3-E8DBF63955D5}.Debug|Any CPU.ActiveCfg = Debug|Any CPU
		{289624FE-5AF8-417B-AFB3-E8DBF63955D5}.Debug|Any CPU.Build.0 = Debug|Any CPU
		{289624FE-5AF8-417B-AFB3-E8DBF63955D5}.Release|Any CPU.ActiveCfg = Release|Any CPU
		{289624FE-5AF8-417B-AFB3-E8DBF63955D5}.Release|Any CPU.Build.0 = Release|Any CPU
	EndGlobalSection
	GlobalSection(SolutionProperties) = preSolution
		HideSolutionNode = FALSE
	EndGlobalSection
	GlobalSection(ExtensibilityGlobals) = postSolution
		SolutionGuid = {E5495658-2446-4D88-97F7-B163DAF9FBE2}
	EndGlobalSection
EndGlobal
