
Microsoft Visual Studio Solution File, Format Version 12.00
# Visual Studio Version 16
VisualStudioVersion = 16.0.30128.74
MinimumVisualStudioVersion = 10.0.40219.1
Project("{FAE04EC0-301F-11D3-BF4B-00C04F79EFBC}") = "CondicionalIF", "CondicionalIF\CondicionalIF.csproj", "{19A69BAB-7B9C-4881-8B28-E8287DCC90D9}"
EndProject
Global
	GlobalSection(SolutionConfigurationPlatforms) = preSolution
		Debug|Any CPU = Debug|Any CPU
		Release|Any CPU = Release|Any CPU
	EndGlobalSection
	GlobalSection(ProjectConfigurationPlatforms) = postSolution
		{19A69BAB-7B9C-4881-8B28-E8287DCC90D9}.Debug|Any CPU.ActiveCfg = Debug|Any CPU
		{19A69BAB-7B9C-4881-8B28-E8287DCC90D9}.Debug|Any CPU.Build.0 = Debug|Any CPU
		{19A69BAB-7B9C-4881-8B28-E8287DCC90D9}.Release|Any CPU.ActiveCfg = Release|Any CPU
		{19A69BAB-7B9C-4881-8B28-E8287DCC90D9}.Release|Any CPU.Build.0 = Release|Any CPU
	EndGlobalSection
	GlobalSection(SolutionProperties) = preSolution
		HideSolutionNode = FALSE
	EndGlobalSection
	GlobalSection(ExtensibilityGlobals) = postSolution
		SolutionGuid = {B7D3D9DD-C109-4D03-9DE9-DD1BF84290B5}
	EndGlobalSection
EndGlobal
